{
  "requires": true,
  "lockfileVersion": 1,
  "dependencies": {
    "threejs-meshline": {
      "version": "2.0.10",
      "resolved": "https://registry.npmjs.org/threejs-meshline/-/threejs-meshline-2.0.10.tgz",
      "integrity": "sha512-X9h8RU0RCNaG8XSUipNoVUXw2g90rs4QlBFAtYRVWm6JZVXuVfsVa9DxLpIVIZwkblvCaZrOy2hPkuvW8DcPWw=="
    }
  }
}
